
Microsoft Visual Studio Solution File, Format Version 12.00
# Visual Studio 14
VisualStudioVersion = 14.0.25420.1
MinimumVisualStudioVersion = 10.0.40219.1
Project("{FAE04EC0-301F-11D3-BF4B-00C04F79EFBC}") = "Hostel", "Hostel\Hostel.csproj", "{F9A329A7-4B0F-41BE-99F5-3F22E5719615}"
EndProject
Global
	GlobalSection(SolutionConfigurationPlatforms) = preSolution
		Debug|Any CPU = Debug|Any CPU
		Release|Any CPU = Release|Any CPU
	EndGlobalSection
	GlobalSection(ProjectConfigurationPlatforms) = postSolution
		{F9A329A7-4B0F-41BE-99F5-3F22E5719615}.Debug|Any CPU.ActiveCfg = Debug|Any CPU
		{F9A329A7-4B0F-41BE-99F5-3F22E5719615}.Debug|Any CPU.Build.0 = Debug|Any CPU
		{F9A329A7-4B0F-41BE-99F5-3F22E5719615}.Release|Any CPU.ActiveCfg = Release|Any CPU
		{F9A329A7-4B0F-41BE-99F5-3F22E5719615}.Release|Any CPU.Build.0 = Release|Any CPU
	EndGlobalSection
	GlobalSection(SolutionProperties) = preSolution
		HideSolutionNode = FALSE
	EndGlobalSection
EndGlobal
